
Microsoft Visual Studio Solution File, Format Version 12.00
# Visual Studio 15
VisualStudioVersion = 15.0.26124.0
MinimumVisualStudioVersion = 15.0.26124.0
Project("{2150E333-8FDC-42A3-9474-1A3956D46DE8}") = "src", "src", "{5DEE5039-7A78-4C67-BAC8-77F5337A22BA}"
EndProject
Project("{FAE04EC0-301F-11D3-BF4B-00C04F79EFBC}") = "LQIDS", "src\LQIDS\LQIDS.csproj", "{3808CD08-3693-425F-96D7-5318CCA7232B}"
EndProject
Global
	GlobalSection(SolutionConfigurationPlatforms) = preSolution
		Debug|Any CPU = Debug|Any CPU
		Debug|x64 = Debug|x64
		Debug|x86 = Debug|x86
		Release|Any CPU = Release|Any CPU
		Release|x64 = Release|x64
		Release|x86 = Release|x86
	EndGlobalSection
	GlobalSection(SolutionProperties) = preSolution
		HideSolutionNode = FALSE
	EndGlobalSection
	GlobalSection(ProjectConfigurationPlatforms) = postSolution
		{3808CD08-3693-425F-96D7-5318CCA7232B}.Debug|Any CPU.ActiveCfg = Debug|Any CPU
		{3808CD08-3693-425F-96D7-5318CCA7232B}.Debug|Any CPU.Build.0 = Debug|Any CPU
		{3808CD08-3693-425F-96D7-5318CCA7232B}.Debug|x64.ActiveCfg = Debug|Any CPU
		{3808CD08-3693-425F-96D7-5318CCA7232B}.Debug|x64.Build.0 = Debug|Any CPU
		{3808CD08-3693-425F-96D7-5318CCA7232B}.Debug|x86.ActiveCfg = Debug|Any CPU
		{3808CD08-3693-425F-96D7-5318CCA7232B}.Debug|x86.Build.0 = Debug|Any CPU
		{3808CD08-3693-425F-96D7-5318CCA7232B}.Release|Any CPU.ActiveCfg = Release|Any CPU
		{3808CD08-3693-425F-96D7-5318CCA7232B}.Release|Any CPU.Build.0 = Release|Any CPU
		{3808CD08-3693-425F-96D7-5318CCA7232B}.Release|x64.ActiveCfg = Release|Any CPU
		{3808CD08-3693-425F-96D7-5318CCA7232B}.Release|x64.Build.0 = Release|Any CPU
		{3808CD08-3693-425F-96D7-5318CCA7232B}.Release|x86.ActiveCfg = Release|Any CPU
		{3808CD08-3693-425F-96D7-5318CCA7232B}.Release|x86.Build.0 = Release|Any CPU
	EndGlobalSection
	GlobalSection(NestedProjects) = preSolution
		{3808CD08-3693-425F-96D7-5318CCA7232B} = {5DEE5039-7A78-4C67-BAC8-77F5337A22BA}
	EndGlobalSection
EndGlobal
